
Microsoft Visual Studio Solution File, Format Version 12.00
# Visual Studio Version 17
VisualStudioVersion = 17.1.32210.238
MinimumVisualStudioVersion = 10.0.40219.1
Project("{FAE04EC0-301F-11D3-BF4B-00C04F79EFBC}") = "DAL", "DAL\DAL.csproj", "{1DE7854D-E82E-442E-92D0-47312EB67480}"
EndProject
Project("{FAE04EC0-301F-11D3-BF4B-00C04F79EFBC}") = "Core", "Core\Core.csproj", "{870A20B9-58A9-4E98-866C-5CF56C981643}"
EndProject
Project("{FAE04EC0-301F-11D3-BF4B-00C04F79EFBC}") = "Service", "Service\Service.csproj", "{D65DD0F7-234B-4FED-ABCE-D390BF2B26BC}"
EndProject
Project("{FAE04EC0-301F-11D3-BF4B-00C04F79EFBC}") = "MVC.UI", "MVC.UI\MVC.UI.csproj", "{1E57FA3D-1DA4-4AC6-A1F0-828F44FB5B71}"
EndProject
Project("{FAE04EC0-301F-11D3-BF4B-00C04F79EFBC}") = "COMMON", "COMMON\COMMON.csproj", "{277A953B-0274-4735-BC74-4BA7D80B3BCD}"
EndProject
Global
	GlobalSection(SolutionConfigurationPlatforms) = preSolution
		Debug|Any CPU = Debug|Any CPU
		Release|Any CPU = Release|Any CPU
	EndGlobalSection
	GlobalSection(ProjectConfigurationPlatforms) = postSolution
		{1DE7854D-E82E-442E-92D0-47312EB67480}.Debug|Any CPU.ActiveCfg = Debug|Any CPU
		{1DE7854D-E82E-442E-92D0-47312EB67480}.Debug|Any CPU.Build.0 = Debug|Any CPU
		{1DE7854D-E82E-442E-92D0-47312EB67480}.Release|Any CPU.ActiveCfg = Release|Any CPU
		{1DE7854D-E82E-442E-92D0-47312EB67480}.Release|Any CPU.Build.0 = Release|Any CPU
		{870A20B9-58A9-4E98-866C-5CF56C981643}.Debug|Any CPU.ActiveCfg = Debug|Any CPU
		{870A20B9-58A9-4E98-866C-5CF56C981643}.Debug|Any CPU.Build.0 = Debug|Any CPU
		{870A20B9-58A9-4E98-866C-5CF56C981643}.Release|Any CPU.ActiveCfg = Release|Any CPU
		{870A20B9-58A9-4E98-866C-5CF56C981643}.Release|Any CPU.Build.0 = Release|Any CPU
		{D65DD0F7-234B-4FED-ABCE-D390BF2B26BC}.Debug|Any CPU.ActiveCfg = Debug|Any CPU
		{D65DD0F7-234B-4FED-ABCE-D390BF2B26BC}.Debug|Any CPU.Build.0 = Debug|Any CPU
		{D65DD0F7-234B-4FED-ABCE-D390BF2B26BC}.Release|Any CPU.ActiveCfg = Release|Any CPU
		{D65DD0F7-234B-4FED-ABCE-D390BF2B26BC}.Release|Any CPU.Build.0 = Release|Any CPU
		{1E57FA3D-1DA4-4AC6-A1F0-828F44FB5B71}.Debug|Any CPU.ActiveCfg = Debug|Any CPU
		{1E57FA3D-1DA4-4AC6-A1F0-828F44FB5B71}.Debug|Any CPU.Build.0 = Debug|Any CPU
		{1E57FA3D-1DA4-4AC6-A1F0-828F44FB5B71}.Release|Any CPU.ActiveCfg = Release|Any CPU
		{1E57FA3D-1DA4-4AC6-A1F0-828F44FB5B71}.Release|Any CPU.Build.0 = Release|Any CPU
		{277A953B-0274-4735-BC74-4BA7D80B3BCD}.Debug|Any CPU.ActiveCfg = Debug|Any CPU
		{277A953B-0274-4735-BC74-4BA7D80B3BCD}.Debug|Any CPU.Build.0 = Debug|Any CPU
		{277A953B-0274-4735-BC74-4BA7D80B3BCD}.Release|Any CPU.ActiveCfg = Release|Any CPU
		{277A953B-0274-4735-BC74-4BA7D80B3BCD}.Release|Any CPU.Build.0 = Release|Any CPU
	EndGlobalSection
	GlobalSection(SolutionProperties) = preSolution
		HideSolutionNode = FALSE
	EndGlobalSection
	GlobalSection(ExtensibilityGlobals) = postSolution
		SolutionGuid = {8224BC1C-FAA3-45FB-ABB7-592859147E0F}
	EndGlobalSection
EndGlobal
